{
  "name": "fig",
  "version": "1.0.0",
  "lockfileVersion": 3,
  "requires": true,
  "packages": {
    "": {
      "name": "fig",
      "version": "1.0.0",
      "license": "ISC",
      "dependencies": {
        "kiwi-schema": "^0.5.0"
      }
    },
    "node_modules/kiwi-schema": {
      "version": "0.5.0",
      "resolved": "https://registry.npmjs.org/kiwi-schema/-/kiwi-schema-0.5.0.tgz",
      "integrity": "sha512-X+FpfU0yTEtc6aTHS7VwbOpvQwRt70+pXXWRI5fd6CvWhe7pSVC854TVo4Zo0x5/wwcWj+/9KUlXpdcP0dY9AA==",
      "license": "MIT",
      "bin": {
        "kiwic": "cli.js"
      }
    }
  }
}
